// !$*UTF8*$!
{
	archiveVersion = 1;
	classes = {
	};
	objectVersion = 50;
	objects = {

/* Begin PBXBuildFile section */
		0F5D3F472236D94A00DD0C66 /* AppDelegate.swift in Sources */ = {isa = PBXBuildFile; fileRef = 0F5D3F462236D94A00DD0C66 /* AppDelegate.swift */; };
		0F5D3F492236D94A00DD0C66 /* TabBarNavController.swift in Sources */ = {isa = PBXBuildFile; fileRef = 0F5D3F482236D94A00DD0C66 /* TabBarNavController.swift */; };
		0F5D3F4C2236D94A00DD0C66 /* Main.storyboard in Resources */ = {isa = PBXBuildFile; fileRef = 0F5D3F4A2236D94A00DD0C66 /* Main.storyboard */; };
		0F5D3F4E2236D94C00DD0C66 /* Assets.xcassets in Resources */ = {isa = PBXBuildFile; fileRef = 0F5D3F4D2236D94C00DD0C66 /* Assets.xcassets */; };
		0F5D3F512236D94C00DD0C66 /* LaunchScreen.storyboard in Resources */ = {isa = PBXBuildFile; fileRef = 0F5D3F4F2236D94C00DD0C66 /* LaunchScreen.storyboard */; };
		0F5D3F5A2236E15500DD0C66 /* SearchViewController.swift in Sources */ = {isa = PBXBuildFile; fileRef = 0F5D3F592236E15500DD0C66 /* SearchViewController.swift */; };
		0F5D3F5D2236E47600DD0C66 /* SearchResultCell.swift in Sources */ = {isa = PBXBuildFile; fileRef = 0F5D3F5C2236E47600DD0C66 /* SearchResultCell.swift */; };
		0F5D3F602236E9BF00DD0C66 /* UIView+Layout.swift in Sources */ = {isa = PBXBuildFile; fileRef = 0F5D3F5F2236E9BF00DD0C66 /* UIView+Layout.swift */; };
		0F5D3F622236F05D00DD0C66 /* VerticalStackView.swift in Sources */ = {isa = PBXBuildFile; fileRef = 0F5D3F612236F05D00DD0C66 /* VerticalStackView.swift */; };
		0F5D3F652237066C00DD0C66 /* SearchResult.swift in Sources */ = {isa = PBXBuildFile; fileRef = 0F5D3F642237066C00DD0C66 /* SearchResult.swift */; };
		0F5D3F682237142300DD0C66 /* Service.swift in Sources */ = {isa = PBXBuildFile; fileRef = 0F5D3F672237142300DD0C66 /* Service.swift */; };
		0F5D3F6C22384BC500DD0C66 /* AppViewController.swift in Sources */ = {isa = PBXBuildFile; fileRef = 0F5D3F6B22384BC500DD0C66 /* AppViewController.swift */; };
		0F5D3F6E22384D0D00DD0C66 /* BaseViewController.swift in Sources */ = {isa = PBXBuildFile; fileRef = 0F5D3F6D22384D0D00DD0C66 /* BaseViewController.swift */; };
		0F5D3F7022384F4A00DD0C66 /* AppsCell.swift in Sources */ = {isa = PBXBuildFile; fileRef = 0F5D3F6F22384F4A00DD0C66 /* AppsCell.swift */; };
		0F5D3F722238551800DD0C66 /* HorizontalViewController.swift in Sources */ = {isa = PBXBuildFile; fileRef = 0F5D3F712238551800DD0C66 /* HorizontalViewController.swift */; };
		0F5D3F7622385D9D00DD0C66 /* AppRowCell.swift in Sources */ = {isa = PBXBuildFile; fileRef = 0F5D3F7522385D9D00DD0C66 /* AppRowCell.swift */; };
		0F5D3F78223953E300DD0C66 /* AppsHorizontalCell.swift in Sources */ = {isa = PBXBuildFile; fileRef = 0F5D3F77223953E300DD0C66 /* AppsHorizontalCell.swift */; };
		0F5D3F7A2239553D00DD0C66 /* AppsHorizontalController.swift in Sources */ = {isa = PBXBuildFile; fileRef = 0F5D3F792239553D00DD0C66 /* AppsHorizontalController.swift */; };
		0F5D3F7C22395A0400DD0C66 /* AppsHeaderDetailCell.swift in Sources */ = {isa = PBXBuildFile; fileRef = 0F5D3F7B22395A0400DD0C66 /* AppsHeaderDetailCell.swift */; };
		0F5D3F7E2239823F00DD0C66 /* AppsResult.swift in Sources */ = {isa = PBXBuildFile; fileRef = 0F5D3F7D2239823F00DD0C66 /* AppsResult.swift */; };
		0F5D3F802239A22D00DD0C66 /* SocialResult.swift in Sources */ = {isa = PBXBuildFile; fileRef = 0F5D3F7F2239A22D00DD0C66 /* SocialResult.swift */; };
		0F5D3F82223AB17400DD0C66 /* BetterSnapCollectionViewController.swift in Sources */ = {isa = PBXBuildFile; fileRef = 0F5D3F81223AB17400DD0C66 /* BetterSnapCollectionViewController.swift */; };
		0F5D3F84223C2CD500DD0C66 /* AppDetailViewController.swift in Sources */ = {isa = PBXBuildFile; fileRef = 0F5D3F83223C2CD500DD0C66 /* AppDetailViewController.swift */; };
		0F5D3F87223EDA7E00DD0C66 /* SpecificAppDetailViewController.swift in Sources */ = {isa = PBXBuildFile; fileRef = 0F5D3F86223EDA7E00DD0C66 /* SpecificAppDetailViewController.swift */; };
		0F5D3F8A223EDB1B00DD0C66 /* SpecificAppCell.swift in Sources */ = {isa = PBXBuildFile; fileRef = 0F5D3F89223EDB1B00DD0C66 /* SpecificAppCell.swift */; };
		0F5D3F8D223EDE6000DD0C66 /* ExtensionHelp.swift in Sources */ = {isa = PBXBuildFile; fileRef = 0F5D3F8C223EDE6000DD0C66 /* ExtensionHelp.swift */; };
		0F5D3F8F223EEC8000DD0C66 /* DetailedAppResult.swift in Sources */ = {isa = PBXBuildFile; fileRef = 0F5D3F8E223EEC8000DD0C66 /* DetailedAppResult.swift */; };
		5FCE8F3A9A407C331B55D40D /* Pods_AppStore.framework in Frameworks */ = {isa = PBXBuildFile; fileRef = A185EACDA1F0C84EB85D61AB /* Pods_AppStore.framework */; };
/* End PBXBuildFile section */

/* Begin PBXFileReference section */
		07EEDA98DF1903D0CC853673 /* Pods-AppStore.release.xcconfig */ = {isa = PBXFileReference; includeInIndex = 1; lastKnownFileType = text.xcconfig; name = "Pods-AppStore.release.xcconfig"; path = "Pods/Target Support Files/Pods-AppStore/Pods-AppStore.release.xcconfig"; sourceTree = "<group>"; };
		0F5D3F432236D94A00DD0C66 /* AppStore.app */ = {isa = PBXFileReference; explicitFileType = wrapper.application; includeInIndex = 0; path = AppStore.app; sourceTree = BUILT_PRODUCTS_DIR; };
		0F5D3F462236D94A00DD0C66 /* AppDelegate.swift */ = {isa = PBXFileReference; lastKnownFileType = sourcecode.swift; path = AppDelegate.swift; sourceTree = "<group>"; };
		0F5D3F482236D94A00DD0C66 /* TabBarNavController.swift */ = {isa = PBXFileReference; lastKnownFileType = sourcecode.swift; path = TabBarNavController.swift; sourceTree = "<group>"; };
		0F5D3F4B2236D94A00DD0C66 /* Base */ = {isa = PBXFileReference; lastKnownFileType = file.storyboard; name = Base; path = Base.lproj/Main.storyboard; sourceTree = "<group>"; };
		0F5D3F4D2236D94C00DD0C66 /* Assets.xcassets */ = {isa = PBXFileReference; lastKnownFileType = folder.assetcatalog; path = Assets.xcassets; sourceTree = "<group>"; };
		0F5D3F502236D94C00DD0C66 /* Base */ = {isa = PBXFileReference; lastKnownFileType = file.storyboard; name = Base; path = Base.lproj/LaunchScreen.storyboard; sourceTree = "<group>"; };
		0F5D3F522236D94C00DD0C66 /* Info.plist */ = {isa = PBXFileReference; lastKnownFileType = text.plist.xml; path = Info.plist; sourceTree = "<group>"; };
		0F5D3F592236E15500DD0C66 /* SearchViewController.swift */ = {isa = PBXFileReference; lastKnownFileType = sourcecode.swift; path = SearchViewController.swift; sourceTree = "<group>"; };
		0F5D3F5C2236E47600DD0C66 /* SearchResultCell.swift */ = {isa = PBXFileReference; lastKnownFileType = sourcecode.swift; path = SearchResultCell.swift; sourceTree = "<group>"; };
		0F5D3F5F2236E9BF00DD0C66 /* UIView+Layout.swift */ = {isa = PBXFileReference; fileEncoding = 4; lastKnownFileType = sourcecode.swift; path = "UIView+Layout.swift"; sourceTree = "<group>"; };
		0F5D3F612236F05D00DD0C66 /* VerticalStackView.swift */ = {isa = PBXFileReference; lastKnownFileType = sourcecode.swift; path = VerticalStackView.swift; sourceTree = "<group>"; };
		0F5D3F642237066C00DD0C66 /* SearchResult.swift */ = {isa = PBXFileReference; lastKnownFileType = sourcecode.swift; path = SearchResult.swift; sourceTree = "<group>"; };
		0F5D3F672237142300DD0C66 /* Service.swift */ = {isa = PBXFileReference; lastKnownFileType = sourcecode.swift; path = Service.swift; sourceTree = "<group>"; };
		0F5D3F6B22384BC500DD0C66 /* AppViewController.swift */ = {isa = PBXFileReference; lastKnownFileType = sourcecode.swift; path = AppViewController.swift; sourceTree = "<group>"; };
		0F5D3F6D22384D0D00DD0C66 /* BaseViewController.swift */ = {isa = PBXFileReference; lastKnownFileType = sourcecode.swift; path = BaseViewController.swift; sourceTree = "<group>"; };
		0F5D3F6F22384F4A00DD0C66 /* AppsCell.swift */ = {isa = PBXFileReference; lastKnownFileType = sourcecode.swift; path = AppsCell.swift; sourceTree = "<group>"; };
		0F5D3F712238551800DD0C66 /* HorizontalViewController.swift */ = {isa = PBXFileReference; lastKnownFileType = sourcecode.swift; path = HorizontalViewController.swift; sourceTree = "<group>"; };
		0F5D3F7522385D9D00DD0C66 /* AppRowCell.swift */ = {isa = PBXFileReference; lastKnownFileType = sourcecode.swift; path = AppRowCell.swift; sourceTree = "<group>"; };
		0F5D3F77223953E300DD0C66 /* AppsHorizontalCell.swift */ = {isa = PBXFileReference; lastKnownFileType = sourcecode.swift; path = AppsHorizontalCell.swift; sourceTree = "<group>"; };
		0F5D3F792239553D00DD0C66 /* AppsHorizontalController.swift */ = {isa = PBXFileReference; lastKnownFileType = sourcecode.swift; path = AppsHorizontalController.swift; sourceTree = "<group>"; };
		0F5D3F7B22395A0400DD0C66 /* AppsHeaderDetailCell.swift */ = {isa = PBXFileReference; lastKnownFileType = sourcecode.swift; path = AppsHeaderDetailCell.swift; sourceTree = "<group>"; };
		0F5D3F7D2239823F00DD0C66 /* AppsResult.swift */ = {isa = PBXFileReference; lastKnownFileType = sourcecode.swift; path = AppsResult.swift; sourceTree = "<group>"; };
		0F5D3F7F2239A22D00DD0C66 /* SocialResult.swift */ = {isa = PBXFileReference; lastKnownFileType = sourcecode.swift; path = SocialResult.swift; sourceTree = "<group>"; };
		0F5D3F81223AB17400DD0C66 /* BetterSnapCollectionViewController.swift */ = {isa = PBXFileReference; lastKnownFileType = sourcecode.swift; path = BetterSnapCollectionViewController.swift; sourceTree = "<group>"; };
		0F5D3F83223C2CD500DD0C66 /* AppDetailViewController.swift */ = {isa = PBXFileReference; lastKnownFileType = sourcecode.swift; path = AppDetailViewController.swift; sourceTree = "<group>"; };
		0F5D3F86223EDA7E00DD0C66 /* SpecificAppDetailViewController.swift */ = {isa = PBXFileReference; lastKnownFileType = sourcecode.swift; path = SpecificAppDetailViewController.swift; sourceTree = "<group>"; };
		0F5D3F89223EDB1B00DD0C66 /* SpecificAppCell.swift */ = {isa = PBXFileReference; lastKnownFileType = sourcecode.swift; path = SpecificAppCell.swift; sourceTree = "<group>"; };
		0F5D3F8C223EDE6000DD0C66 /* ExtensionHelp.swift */ = {isa = PBXFileReference; lastKnownFileType = sourcecode.swift; path = ExtensionHelp.swift; sourceTree = "<group>"; };
		0F5D3F8E223EEC8000DD0C66 /* DetailedAppResult.swift */ = {isa = PBXFileReference; lastKnownFileType = sourcecode.swift; path = DetailedAppResult.swift; sourceTree = "<group>"; };
		932228F3452BF7B395F7A249 /* Pods-AppStore.debug.xcconfig */ = {isa = PBXFileReference; includeInIndex = 1; lastKnownFileType = text.xcconfig; name = "Pods-AppStore.debug.xcconfig"; path = "Pods/Target Support Files/Pods-AppStore/Pods-AppStore.debug.xcconfig"; sourceTree = "<group>"; };
		A185EACDA1F0C84EB85D61AB /* Pods_AppStore.framework */ = {isa = PBXFileReference; explicitFileType = wrapper.framework; includeInIndex = 0; path = Pods_AppStore.framework; sourceTree = BUILT_PRODUCTS_DIR; };
/* End PBXFileReference section */

/* Begin PBXFrameworksBuildPhase section */
		0F5D3F402236D94A00DD0C66 /* Frameworks */ = {
			isa = PBXFrameworksBuildPhase;
			buildActionMask = 2147483647;
			files = (
				5FCE8F3A9A407C331B55D40D /* Pods_AppStore.framework in Frameworks */,
			);
			runOnlyForDeploymentPostprocessing = 0;
		};
/* End PBXFrameworksBuildPhase section */

/* Begin PBXGroup section */
		0DE4FE5AC7204E05C87A5458 /* Pods */ = {
			isa = PBXGroup;
			children = (
				932228F3452BF7B395F7A249 /* Pods-AppStore.debug.xcconfig */,
				07EEDA98DF1903D0CC853673 /* Pods-AppStore.release.xcconfig */,
			);
			name = Pods;
			sourceTree = "<group>";
		};
		0F5D3F3A2236D94A00DD0C66 = {
			isa = PBXGroup;
			children = (
				0F5D3F452236D94A00DD0C66 /* AppStore */,
				0F5D3F442236D94A00DD0C66 /* Products */,
				0DE4FE5AC7204E05C87A5458 /* Pods */,
				EA3BEF3F0996A941B258B902 /* Frameworks */,
			);
			sourceTree = "<group>";
		};
		0F5D3F442236D94A00DD0C66 /* Products */ = {
			isa = PBXGroup;
			children = (
				0F5D3F432236D94A00DD0C66 /* AppStore.app */,
			);
			name = Products;
			sourceTree = "<group>";
		};
		0F5D3F452236D94A00DD0C66 /* AppStore */ = {
			isa = PBXGroup;
			children = (
				0F5D3F66223713F900DD0C66 /* Service */,
				0F5D3F632237051800DD0C66 /* Model */,
				0F5D3F5E2236E97100DD0C66 /* help */,
				0F5D3F5B2236E45000DD0C66 /* View */,
				0F5D3F582236E12900DD0C66 /* Controller */,
				0F5D3F462236D94A00DD0C66 /* AppDelegate.swift */,
				0F5D3F4A2236D94A00DD0C66 /* Main.storyboard */,
				0F5D3F4D2236D94C00DD0C66 /* Assets.xcassets */,
				0F5D3F4F2236D94C00DD0C66 /* LaunchScreen.storyboard */,
				0F5D3F522236D94C00DD0C66 /* Info.plist */,
			);
			path = AppStore;
			sourceTree = "<group>";
		};
		0F5D3F582236E12900DD0C66 /* Controller */ = {
			isa = PBXGroup;
			children = (
				0F5D3F6A22384B7200DD0C66 /* App */,
				0F5D3F6922384B6800DD0C66 /* Search */,
				0F5D3F482236D94A00DD0C66 /* TabBarNavController.swift */,
			);
			path = Controller;
			sourceTree = "<group>";
		};
		0F5D3F5B2236E45000DD0C66 /* View */ = {
			isa = PBXGroup;
			children = (
				0F5D3F7422385D7A00DD0C66 /* Search */,
				0F5D3F7322385D6800DD0C66 /* App */,
			);
			path = View;
			sourceTree = "<group>";
		};
		0F5D3F5E2236E97100DD0C66 /* help */ = {
			isa = PBXGroup;
			children = (
				0F5D3F8B223EDE4900DD0C66 /* Extension */,
				0F5D3F5F2236E9BF00DD0C66 /* UIView+Layout.swift */,
				0F5D3F612236F05D00DD0C66 /* VerticalStackView.swift */,
				0F5D3F6D22384D0D00DD0C66 /* BaseViewController.swift */,
				0F5D3F81223AB17400DD0C66 /* BetterSnapCollectionViewController.swift */,
			);
			path = help;
			sourceTree = "<group>";
		};
		0F5D3F632237051800DD0C66 /* Model */ = {
			isa = PBXGroup;
			children = (
				0F5D3F642237066C00DD0C66 /* SearchResult.swift */,
				0F5D3F7D2239823F00DD0C66 /* AppsResult.swift */,
				0F5D3F7F2239A22D00DD0C66 /* SocialResult.swift */,
				0F5D3F8E223EEC8000DD0C66 /* DetailedAppResult.swift */,
			);
			path = Model;
			sourceTree = "<group>";
		};
		0F5D3F66223713F900DD0C66 /* Service */ = {
			isa = PBXGroup;
			children = (
				0F5D3F672237142300DD0C66 /* Service.swift */,
			);
			path = Service;
			sourceTree = "<group>";
		};
		0F5D3F6922384B6800DD0C66 /* Search */ = {
			isa = PBXGroup;
			children = (
				0F5D3F592236E15500DD0C66 /* SearchViewController.swift */,
			);
			path = Search;
			sourceTree = "<group>";
		};
		0F5D3F6A22384B7200DD0C66 /* App */ = {
			isa = PBXGroup;
			children = (
				0F5D3F85223EDA5300DD0C66 /* AppDetail */,
				0F5D3F6B22384BC500DD0C66 /* AppViewController.swift */,
				0F5D3F712238551800DD0C66 /* HorizontalViewController.swift */,
				0F5D3F792239553D00DD0C66 /* AppsHorizontalController.swift */,
				0F5D3F83223C2CD500DD0C66 /* AppDetailViewController.swift */,
			);
			path = App;
			sourceTree = "<group>";
		};
		0F5D3F7322385D6800DD0C66 /* App */ = {
			isa = PBXGroup;
			children = (
				0F5D3F88223EDAFB00DD0C66 /* AppDetail */,
				0F5D3F6F22384F4A00DD0C66 /* AppsCell.swift */,
				0F5D3F7522385D9D00DD0C66 /* AppRowCell.swift */,
				0F5D3F77223953E300DD0C66 /* AppsHorizontalCell.swift */,
				0F5D3F7B22395A0400DD0C66 /* AppsHeaderDetailCell.swift */,
			);
			path = App;
			sourceTree = "<group>";
		};
		0F5D3F7422385D7A00DD0C66 /* Search */ = {
			isa = PBXGroup;
			children = (
				0F5D3F5C2236E47600DD0C66 /* SearchResultCell.swift */,
			);
			path = Search;
			sourceTree = "<group>";
		};
		0F5D3F85223EDA5300DD0C66 /* AppDetail */ = {
			isa = PBXGroup;
			children = (
				0F5D3F86223EDA7E00DD0C66 /* SpecificAppDetailViewController.swift */,
			);
			path = AppDetail;
			sourceTree = "<group>";
		};
		0F5D3F88223EDAFB00DD0C66 /* AppDetail */ = {
			isa = PBXGroup;
			children = (
				0F5D3F89223EDB1B00DD0C66 /* SpecificAppCell.swift */,
			);
			path = AppDetail;
			sourceTree = "<group>";
		};
		0F5D3F8B223EDE4900DD0C66 /* Extension */ = {
			isa = PBXGroup;
			children = (
				0F5D3F8C223EDE6000DD0C66 /* ExtensionHelp.swift */,
			);
			path = Extension;
			sourceTree = "<group>";
		};
		EA3BEF3F0996A941B258B902 /* Frameworks */ = {
			isa = PBXGroup;
			children = (
				A185EACDA1F0C84EB85D61AB /* Pods_AppStore.framework */,
			);
			name = Frameworks;
			sourceTree = "<group>";
		};
/* End PBXGroup section */

/* Begin PBXNativeTarget section */
		0F5D3F422236D94A00DD0C66 /* AppStore */ = {
			isa = PBXNativeTarget;
			buildConfigurationList = 0F5D3F552236D94C00DD0C66 /* Build configuration list for PBXNativeTarget "AppStore" */;
			buildPhases = (
				690F13A66893689FA7EFEE82 /* [CP] Check Pods Manifest.lock */,
				0F5D3F3F2236D94A00DD0C66 /* Sources */,
				0F5D3F402236D94A00DD0C66 /* Frameworks */,
				0F5D3F412236D94A00DD0C66 /* Resources */,
				9426915167F216939F570909 /* [CP] Embed Pods Frameworks */,
			);
			buildRules = (
			);
			dependencies = (
			);
			name = AppStore;
			productName = AppStore;
			productReference = 0F5D3F432236D94A00DD0C66 /* AppStore.app */;
			productType = "com.apple.product-type.application";
		};
/* End PBXNativeTarget section */

/* Begin PBXProject section */
		0F5D3F3B2236D94A00DD0C66 /* Project object */ = {
			isa = PBXProject;
			attributes = {
				LastSwiftUpdateCheck = 1010;
				LastUpgradeCheck = 1010;
				ORGANIZATIONNAME = "Robin He";
				TargetAttributes = {
					0F5D3F422236D94A00DD0C66 = {
						CreatedOnToolsVersion = 10.1;
					};
				};
			};
			buildConfigurationList = 0F5D3F3E2236D94A00DD0C66 /* Build configuration list for PBXProject "AppStore" */;
			compatibilityVersion = "Xcode 9.3";
			developmentRegion = en;
			hasScannedForEncodings = 0;
			knownRegions = (
				en,
				Base,
			);
			mainGroup = 0F5D3F3A2236D94A00DD0C66;
			productRefGroup = 0F5D3F442236D94A00DD0C66 /* Products */;
			projectDirPath = "";
			projectRoot = "";
			targets = (
				0F5D3F422236D94A00DD0C66 /* AppStore */,
			);
		};
/* End PBXProject section */

/* Begin PBXResourcesBuildPhase section */
		0F5D3F412236D94A00DD0C66 /* Resources */ = {
			isa = PBXResourcesBuildPhase;
			buildActionMask = 2147483647;
			files = (
				0F5D3F512236D94C00DD0C66 /* LaunchScreen.storyboard in Resources */,
				0F5D3F4E2236D94C00DD0C66 /* Assets.xcassets in Resources */,
				0F5D3F4C2236D94A00DD0C66 /* Main.storyboard in Resources */,
			);
			runOnlyForDeploymentPostprocessing = 0;
		};
/* End PBXResourcesBuildPhase section */

/* Begin PBXShellScriptBuildPhase section */
		690F13A66893689FA7EFEE82 /* [CP] Check Pods Manifest.lock */ = {
			isa = PBXShellScriptBuildPhase;
			buildActionMask = 2147483647;
			files = (
			);
			inputFileListPaths = (
			);
			inputPaths = (
				"${PODS_PODFILE_DIR_PATH}/Podfile.lock",
				"${PODS_ROOT}/Manifest.lock",
			);
			name = "[CP] Check Pods Manifest.lock";
			outputFileListPaths = (
			);
			outputPaths = (
				"$(DERIVED_FILE_DIR)/Pods-AppStore-checkManifestLockResult.txt",
			);
			runOnlyForDeploymentPostprocessing = 0;
			shellPath = /bin/sh;
			shellScript = "diff \"${PODS_PODFILE_DIR_PATH}/Podfile.lock\" \"${PODS_ROOT}/Manifest.lock\" > /dev/null\nif [ $? != 0 ] ; then\n    # print error to STDERR\n    echo \"error: The sandbox is not in sync with the Podfile.lock. Run 'pod install' or update your CocoaPods installation.\" >&2\n    exit 1\nfi\n# This output is used by Xcode 'outputs' to avoid re-running this script phase.\necho \"SUCCESS\" > \"${SCRIPT_OUTPUT_FILE_0}\"\n";
			showEnvVarsInLog = 0;
		};
		9426915167F216939F570909 /* [CP] Embed Pods Frameworks */ = {
			isa = PBXShellScriptBuildPhase;
			buildActionMask = 2147483647;
			files = (
			);
			inputFileListPaths = (
			);
			inputPaths = (
				"${SRCROOT}/Pods/Target Support Files/Pods-AppStore/Pods-AppStore-frameworks.sh",
				"${BUILT_PRODUCTS_DIR}/SDWebImage/SDWebImage.framework",
			);
			name = "[CP] Embed Pods Frameworks";
			outputFileListPaths = (
			);
			outputPaths = (
				"${TARGET_BUILD_DIR}/${FRAMEWORKS_FOLDER_PATH}/SDWebImage.framework",
			);
			runOnlyForDeploymentPostprocessing = 0;
			shellPath = /bin/sh;
			shellScript = "\"${SRCROOT}/Pods/Target Support Files/Pods-AppStore/Pods-AppStore-frameworks.sh\"\n";
			showEnvVarsInLog = 0;
		};
/* End PBXShellScriptBuildPhase section */

/* Begin PBXSourcesBuildPhase section */
		0F5D3F3F2236D94A00DD0C66 /* Sources */ = {
			isa = PBXSourcesBuildPhase;
			buildActionMask = 2147483647;
			files = (
				0F5D3F5A2236E15500DD0C66 /* SearchViewController.swift in Sources */,
				0F5D3F802239A22D00DD0C66 /* SocialResult.swift in Sources */,
				0F5D3F8D223EDE6000DD0C66 /* ExtensionHelp.swift in Sources */,
				0F5D3F682237142300DD0C66 /* Service.swift in Sources */,
				0F5D3F652237066C00DD0C66 /* SearchResult.swift in Sources */,
				0F5D3F622236F05D00DD0C66 /* VerticalStackView.swift in Sources */,
				0F5D3F492236D94A00DD0C66 /* TabBarNavController.swift in Sources */,
				0F5D3F7C22395A0400DD0C66 /* AppsHeaderDetailCell.swift in Sources */,
				0F5D3F7A2239553D00DD0C66 /* AppsHorizontalController.swift in Sources */,
				0F5D3F78223953E300DD0C66 /* AppsHorizontalCell.swift in Sources */,
				0F5D3F6E22384D0D00DD0C66 /* BaseViewController.swift in Sources */,
				0F5D3F5D2236E47600DD0C66 /* SearchResultCell.swift in Sources */,
				0F5D3F8A223EDB1B00DD0C66 /* SpecificAppCell.swift in Sources */,
				0F5D3F84223C2CD500DD0C66 /* AppDetailViewController.swift in Sources */,
				0F5D3F8F223EEC8000DD0C66 /* DetailedAppResult.swift in Sources */,
				0F5D3F6C22384BC500DD0C66 /* AppViewController.swift in Sources */,
				0F5D3F7022384F4A00DD0C66 /* AppsCell.swift in Sources */,
				0F5D3F82223AB17400DD0C66 /* BetterSnapCollectionViewController.swift in Sources */,
				0F5D3F7E2239823F00DD0C66 /* AppsResult.swift in Sources */,
				0F5D3F472236D94A00DD0C66 /* AppDelegate.swift in Sources */,
				0F5D3F7622385D9D00DD0C66 /* AppRowCell.swift in Sources */,
				0F5D3F87223EDA7E00DD0C66 /* SpecificAppDetailViewController.swift in Sources */,
				0F5D3F722238551800DD0C66 /* HorizontalViewController.swift in Sources */,
				0F5D3F602236E9BF00DD0C66 /* UIView+Layout.swift in Sources */,
			);
			runOnlyForDeploymentPostprocessing = 0;
		};
/* End PBXSourcesBuildPhase section */

/* Begin PBXVariantGroup section */
		0F5D3F4A2236D94A00DD0C66 /* Main.storyboard */ = {
			isa = PBXVariantGroup;
			children = (
				0F5D3F4B2236D94A00DD0C66 /* Base */,
			);
			name = Main.storyboard;
			sourceTree = "<group>";
		};
		0F5D3F4F2236D94C00DD0C66 /* LaunchScreen.storyboard */ = {
			isa = PBXVariantGroup;
			children = (
				0F5D3F502236D94C00DD0C66 /* Base */,
			);
			name = LaunchScreen.storyboard;
			sourceTree = "<group>";
		};
/* End PBXVariantGroup section */

/* Begin XCBuildConfiguration section */
		0F5D3F532236D94C00DD0C66 /* Debug */ = {
			isa = XCBuildConfiguration;
			buildSettings = {
				ALWAYS_SEARCH_USER_PATHS = NO;
				CLANG_ANALYZER_NONNULL = YES;
				CLANG_ANALYZER_NUMBER_OBJECT_CONVERSION = YES_AGGRESSIVE;
				CLANG_CXX_LANGUAGE_STANDARD = "gnu++14";
				CLANG_CXX_LIBRARY = "libc++";
				CLANG_ENABLE_MODULES = YES;
				CLANG_ENABLE_OBJC_ARC = YES;
				CLANG_ENABLE_OBJC_WEAK = YES;
				CLANG_WARN_BLOCK_CAPTURE_AUTORELEASING = YES;
				CLANG_WARN_BOOL_CONVERSION = YES;
				CLANG_WARN_COMMA = YES;
				CLANG_WARN_CONSTANT_CONVERSION = YES;
				CLANG_WARN_DEPRECATED_OBJC_IMPLEMENTATIONS = YES;
				CLANG_WARN_DIRECT_OBJC_ISA_USAGE = YES_ERROR;
				CLANG_WARN_DOCUMENTATION_COMMENTS = YES;
				CLANG_WARN_EMPTY_BODY = YES;
				CLANG_WARN_ENUM_CONVERSION = YES;
				CLANG_WARN_INFINITE_RECURSION = YES;
				CLANG_WARN_INT_CONVERSION = YES;
				CLANG_WARN_NON_LITERAL_NULL_CONVERSION = YES;
				CLANG_WARN_OBJC_IMPLICIT_RETAIN_SELF = YES;
				CLANG_WARN_OBJC_LITERAL_CONVERSION = YES;
				CLANG_WARN_OBJC_ROOT_CLASS = YES_ERROR;
				CLANG_WARN_RANGE_LOOP_ANALYSIS = YES;
				CLANG_WARN_STRICT_PROTOTYPES = YES;
				CLANG_WARN_SUSPICIOUS_MOVE = YES;
				CLANG_WARN_UNGUARDED_AVAILABILITY = YES_AGGRESSIVE;
				CLANG_WARN_UNREACHABLE_CODE = YES;
				CLANG_WARN__DUPLICATE_METHOD_MATCH = YES;
				CODE_SIGN_IDENTITY = "iPhone Developer";
				COPY_PHASE_STRIP = NO;
				DEBUG_INFORMATION_FORMAT = dwarf;
				ENABLE_STRICT_OBJC_MSGSEND = YES;
				ENABLE_TESTABILITY = YES;
				GCC_C_LANGUAGE_STANDARD = gnu11;
				GCC_DYNAMIC_NO_PIC = NO;
				GCC_NO_COMMON_BLOCKS = YES;
				GCC_OPTIMIZATION_LEVEL = 0;
				GCC_PREPROCESSOR_DEFINITIONS = (
					"DEBUG=1",
					"$(inherited)",
				);
				GCC_WARN_64_TO_32_BIT_CONVERSION = YES;
				GCC_WARN_ABOUT_RETURN_TYPE = YES_ERROR;
				GCC_WARN_UNDECLARED_SELECTOR = YES;
				GCC_WARN_UNINITIALIZED_AUTOS = YES_AGGRESSIVE;
				GCC_WARN_UNUSED_FUNCTION = YES;
				GCC_WARN_UNUSED_VARIABLE = YES;
				IPHONEOS_DEPLOYMENT_TARGET = 12.1;
				MTL_ENABLE_DEBUG_INFO = INCLUDE_SOURCE;
				MTL_FAST_MATH = YES;
				ONLY_ACTIVE_ARCH = YES;
				SDKROOT = iphoneos;
				SWIFT_ACTIVE_COMPILATION_CONDITIONS = DEBUG;
				SWIFT_OPTIMIZATION_LEVEL = "-Onone";
			};
			name = Debug;
		};
		0F5D3F542236D94C00DD0C66 /* Release */ = {
			isa = XCBuildConfiguration;
			buildSettings = {
				ALWAYS_SEARCH_USER_PATHS = NO;
				CLANG_ANALYZER_NONNULL = YES;
				CLANG_ANALYZER_NUMBER_OBJECT_CONVERSION = YES_AGGRESSIVE;
				CLANG_CXX_LANGUAGE_STANDARD = "gnu++14";
				CLANG_CXX_LIBRARY = "libc++";
				CLANG_ENABLE_MODULES = YES;
				CLANG_ENABLE_OBJC_ARC = YES;
				CLANG_ENABLE_OBJC_WEAK = YES;
				CLANG_WARN_BLOCK_CAPTURE_AUTORELEASING = YES;
				CLANG_WARN_BOOL_CONVERSION = YES;
				CLANG_WARN_COMMA = YES;
				CLANG_WARN_CONSTANT_CONVERSION = YES;
				CLANG_WARN_DEPRECATED_OBJC_IMPLEMENTATIONS = YES;
				CLANG_WARN_DIRECT_OBJC_ISA_USAGE = YES_ERROR;
				CLANG_WARN_DOCUMENTATION_COMMENTS = YES;
				CLANG_WARN_EMPTY_BODY = YES;
				CLANG_WARN_ENUM_CONVERSION = YES;
				CLANG_WARN_INFINITE_RECURSION = YES;
				CLANG_WARN_INT_CONVERSION = YES;
				CLANG_WARN_NON_LITERAL_NULL_CONVERSION = YES;
				CLANG_WARN_OBJC_IMPLICIT_RETAIN_SELF = YES;
				CLANG_WARN_OBJC_LITERAL_CONVERSION = YES;
				CLANG_WARN_OBJC_ROOT_CLASS = YES_ERROR;
				CLANG_WARN_RANGE_LOOP_ANALYSIS = YES;
				CLANG_WARN_STRICT_PROTOTYPES = YES;
				CLANG_WARN_SUSPICIOUS_MOVE = YES;
				CLANG_WARN_UNGUARDED_AVAILABILITY = YES_AGGRESSIVE;
				CLANG_WARN_UNREACHABLE_CODE = YES;
				CLANG_WARN__DUPLICATE_METHOD_MATCH = YES;
				CODE_SIGN_IDENTITY = "iPhone Developer";
				COPY_PHASE_STRIP = NO;
				DEBUG_INFORMATION_FORMAT = "dwarf-with-dsym";
				ENABLE_NS_ASSERTIONS = NO;
				ENABLE_STRICT_OBJC_MSGSEND = YES;
				GCC_C_LANGUAGE_STANDARD = gnu11;
				GCC_NO_COMMON_BLOCKS = YES;
				GCC_WARN_64_TO_32_BIT_CONVERSION = YES;
				GCC_WARN_ABOUT_RETURN_TYPE = YES_ERROR;
				GCC_WARN_UNDECLARED_SELECTOR = YES;
				GCC_WARN_UNINITIALIZED_AUTOS = YES_AGGRESSIVE;
				GCC_WARN_UNUSED_FUNCTION = YES;
				GCC_WARN_UNUSED_VARIABLE = YES;
				IPHONEOS_DEPLOYMENT_TARGET = 12.1;
				MTL_ENABLE_DEBUG_INFO = NO;
				MTL_FAST_MATH = YES;
				SDKROOT = iphoneos;
				SWIFT_COMPILATION_MODE = wholemodule;
				SWIFT_OPTIMIZATION_LEVEL = "-O";
				VALIDATE_PRODUCT = YES;
			};
			name = Release;
		};
		0F5D3F562236D94C00DD0C66 /* Debug */ = {
			isa = XCBuildConfiguration;
			baseConfigurationReference = 932228F3452BF7B395F7A249 /* Pods-AppStore.debug.xcconfig */;
			buildSettings = {
				ASSETCATALOG_COMPILER_APPICON_NAME = AppIcon;
				CODE_SIGN_STYLE = Automatic;
				DEVELOPMENT_TEAM = SZV6XCL93K;
				INFOPLIST_FILE = AppStore/Info.plist;
				LD_RUNPATH_SEARCH_PATHS = (
					"$(inherited)",
					"@executable_path/Frameworks",
				);
				PRODUCT_BUNDLE_IDENTIFIER = neu.edu.AppStore;
				PRODUCT_NAME = "$(TARGET_NAME)";
				SWIFT_VERSION = 4.2;
				TARGETED_DEVICE_FAMILY = "1,2";
			};
			name = Debug;
		};
		0F5D3F572236D94C00DD0C66 /* Release */ = {
			isa = XCBuildConfiguration;
			baseConfigurationReference = 07EEDA98DF1903D0CC853673 /* Pods-AppStore.release.xcconfig */;
			buildSettings = {
				ASSETCATALOG_COMPILER_APPICON_NAME = AppIcon;
				CODE_SIGN_STYLE = Automatic;
				DEVELOPMENT_TEAM = SZV6XCL93K;
				INFOPLIST_FILE = AppStore/Info.plist;
				LD_RUNPATH_SEARCH_PATHS = (
					"$(inherited)",
					"@executable_path/Frameworks",
				);
				PRODUCT_BUNDLE_IDENTIFIER = neu.edu.AppStore;
				PRODUCT_NAME = "$(TARGET_NAME)";
				SWIFT_VERSION = 4.2;
				TARGETED_DEVICE_FAMILY = "1,2";
			};
			name = Release;
		};
/* End XCBuildConfiguration section */

/* Begin XCConfigurationList section */
		0F5D3F3E2236D94A00DD0C66 /* Build configuration list for PBXProject "AppStore" */ = {
			isa = XCConfigurationList;
			buildConfigurations = (
				0F5D3F532236D94C00DD0C66 /* Debug */,
				0F5D3F542236D94C00DD0C66 /* Release */,
			);
			defaultConfigurationIsVisible = 0;
			defaultConfigurationName = Release;
		};
		0F5D3F552236D94C00DD0C66 /* Build configuration list for PBXNativeTarget "AppStore" */ = {
			isa = XCConfigurationList;
			buildConfigurations = (
				0F5D3F562236D94C00DD0C66 /* Debug */,
				0F5D3F572236D94C00DD0C66 /* Release */,
			);
			defaultConfigurationIsVisible = 0;
			defaultConfigurationName = Release;
		};
/* End XCConfigurationList section */
	};
	rootObject = 0F5D3F3B2236D94A00DD0C66 /* Project object */;
}
